
Microsoft Visual Studio Solution File, Format Version 12.00
# Visual Studio Version 17
VisualStudioVersion = 17.14.36414.22 d17.14
MinimumVisualStudioVersion = 10.0.40219.1
Project("{FAE04EC0-301F-11D3-BF4B-00C04F79EFBC}") = "CarPark.Api", "CarPark.Api\CarPark.Api.csproj", "{2AFF3136-B418-401E-8759-E5D1054263FE}"
EndProject
Project("{FAE04EC0-301F-11D3-BF4B-00C04F79EFBC}") = "CarPark.Tests", "CarPark.Tests\CarPark.Tests.csproj", "{E31E3496-3D8D-4EED-925F-EB288CA5FC5D}"
EndProject
Global
	GlobalSection(SolutionConfigurationPlatforms) = preSolution
		Debug|Any CPU = Debug|Any CPU
		Release|Any CPU = Release|Any CPU
	EndGlobalSection
	GlobalSection(ProjectConfigurationPlatforms) = postSolution
		{2AFF3136-B418-401E-8759-E5D1054263FE}.Debug|Any CPU.ActiveCfg = Debug|Any CPU
		{2AFF3136-B418-401E-8759-E5D1054263FE}.Debug|Any CPU.Build.0 = Debug|Any CPU
		{2AFF3136-B418-401E-8759-E5D1054263FE}.Release|Any CPU.ActiveCfg = Release|Any CPU
		{2AFF3136-B418-401E-8759-E5D1054263FE}.Release|Any CPU.Build.0 = Release|Any CPU
		{E31E3496-3D8D-4EED-925F-EB288CA5FC5D}.Debug|Any CPU.ActiveCfg = Debug|Any CPU
		{E31E3496-3D8D-4EED-925F-EB288CA5FC5D}.Debug|Any CPU.Build.0 = Debug|Any CPU
		{E31E3496-3D8D-4EED-925F-EB288CA5FC5D}.Release|Any CPU.ActiveCfg = Release|Any CPU
		{E31E3496-3D8D-4EED-925F-EB288CA5FC5D}.Release|Any CPU.Build.0 = Release|Any CPU
	EndGlobalSection
	GlobalSection(SolutionProperties) = preSolution
		HideSolutionNode = FALSE
	EndGlobalSection
	GlobalSection(ExtensibilityGlobals) = postSolution
		SolutionGuid = {41CE612C-1F95-474B-8BB6-569BD92904E2}
	EndGlobalSection
EndGlobal
